
Microsoft Visual Studio Solution File, Format Version 12.00
# Visual Studio Version 17
VisualStudioVersion = 17.1.32328.378
MinimumVisualStudioVersion = 10.0.40219.1
Project("{FAE04EC0-301F-11D3-BF4B-00C04F79EFBC}") = "Imdb", "Imdb.csproj", "{CF433AB2-ACC2-407E-838F-61646E592BA3}"
EndProject
Global
	GlobalSection(SolutionConfigurationPlatforms) = preSolution
		Debug|Any CPU = Debug|Any CPU
		Release|Any CPU = Release|Any CPU
	EndGlobalSection
	GlobalSection(ProjectConfigurationPlatforms) = postSolution
		{CF433AB2-ACC2-407E-838F-61646E592BA3}.Debug|Any CPU.ActiveCfg = Debug|Any CPU
		{CF433AB2-ACC2-407E-838F-61646E592BA3}.Debug|Any CPU.Build.0 = Debug|Any CPU
		{CF433AB2-ACC2-407E-838F-61646E592BA3}.Release|Any CPU.ActiveCfg = Release|Any CPU
		{CF433AB2-ACC2-407E-838F-61646E592BA3}.Release|Any CPU.Build.0 = Release|Any CPU
	EndGlobalSection
	GlobalSection(SolutionProperties) = preSolution
		HideSolutionNode = FALSE
	EndGlobalSection
	GlobalSection(ExtensibilityGlobals) = postSolution
		SolutionGuid = {1A3C10EE-61DC-4F88-90D4-7A6E5C33987E}
	EndGlobalSection
EndGlobal
